
Microsoft Visual Studio Solution File, Format Version 12.00
# Visual Studio Version 17
VisualStudioVersion = 17.0.31903.59
MinimumVisualStudioVersion = 10.0.40219.1
Project("{FAE04EC0-301F-11D3-BF4B-00C04F79EFBC}") = "Movies.API", "Movies.API\Movies.API.csproj", "{69A93B60-799A-42A4-97F1-FBC7DC6DA605}"
EndProject
Project("{FAE04EC0-301F-11D3-BF4B-00C04F79EFBC}") = "Movies.Core", "Movies.Core\Movies.Core.csproj", "{32E69729-95FF-4E0E-9792-72C9960DB116}"
EndProject
Project("{FAE04EC0-301F-11D3-BF4B-00C04F79EFBC}") = "Movies.BL", "Movies.BL\Movies.BL.csproj", "{60C23348-031D-425B-B97D-40E51169C593}"
EndProject
Project("{FAE04EC0-301F-11D3-BF4B-00C04F79EFBC}") = "Movies.Domain", "Movies.Domain\Movies.Domain.csproj", "{3B57542F-DC0B-4DBD-95DC-1B7D44CCBE62}"
EndProject
Project("{FAE04EC0-301F-11D3-BF4B-00C04F79EFBC}") = "Movies.Test", "Movies.Test\Movies.Test.csproj", "{E9E12A80-0AEE-4D61-8094-D7A5336702F7}"
EndProject
Global
	GlobalSection(SolutionConfigurationPlatforms) = preSolution
		Debug|Any CPU = Debug|Any CPU
		Release|Any CPU = Release|Any CPU
	EndGlobalSection
	GlobalSection(SolutionProperties) = preSolution
		HideSolutionNode = FALSE
	EndGlobalSection
	GlobalSection(ProjectConfigurationPlatforms) = postSolution
		{69A93B60-799A-42A4-97F1-FBC7DC6DA605}.Debug|Any CPU.ActiveCfg = Debug|Any CPU
		{69A93B60-799A-42A4-97F1-FBC7DC6DA605}.Debug|Any CPU.Build.0 = Debug|Any CPU
		{69A93B60-799A-42A4-97F1-FBC7DC6DA605}.Release|Any CPU.ActiveCfg = Release|Any CPU
		{69A93B60-799A-42A4-97F1-FBC7DC6DA605}.Release|Any CPU.Build.0 = Release|Any CPU
		{32E69729-95FF-4E0E-9792-72C9960DB116}.Debug|Any CPU.ActiveCfg = Debug|Any CPU
		{32E69729-95FF-4E0E-9792-72C9960DB116}.Debug|Any CPU.Build.0 = Debug|Any CPU
		{32E69729-95FF-4E0E-9792-72C9960DB116}.Release|Any CPU.ActiveCfg = Release|Any CPU
		{32E69729-95FF-4E0E-9792-72C9960DB116}.Release|Any CPU.Build.0 = Release|Any CPU
		{60C23348-031D-425B-B97D-40E51169C593}.Debug|Any CPU.ActiveCfg = Debug|Any CPU
		{60C23348-031D-425B-B97D-40E51169C593}.Debug|Any CPU.Build.0 = Debug|Any CPU
		{60C23348-031D-425B-B97D-40E51169C593}.Release|Any CPU.ActiveCfg = Release|Any CPU
		{60C23348-031D-425B-B97D-40E51169C593}.Release|Any CPU.Build.0 = Release|Any CPU
		{3B57542F-DC0B-4DBD-95DC-1B7D44CCBE62}.Debug|Any CPU.ActiveCfg = Debug|Any CPU
		{3B57542F-DC0B-4DBD-95DC-1B7D44CCBE62}.Debug|Any CPU.Build.0 = Debug|Any CPU
		{3B57542F-DC0B-4DBD-95DC-1B7D44CCBE62}.Release|Any CPU.ActiveCfg = Release|Any CPU
		{3B57542F-DC0B-4DBD-95DC-1B7D44CCBE62}.Release|Any CPU.Build.0 = Release|Any CPU
		{E9E12A80-0AEE-4D61-8094-D7A5336702F7}.Debug|Any CPU.ActiveCfg = Debug|Any CPU
		{E9E12A80-0AEE-4D61-8094-D7A5336702F7}.Debug|Any CPU.Build.0 = Debug|Any CPU
		{E9E12A80-0AEE-4D61-8094-D7A5336702F7}.Release|Any CPU.ActiveCfg = Release|Any CPU
		{E9E12A80-0AEE-4D61-8094-D7A5336702F7}.Release|Any CPU.Build.0 = Release|Any CPU
	EndGlobalSection
EndGlobal
